
Microsoft Visual Studio Solution File, Format Version 12.00
# Visual Studio 15
VisualStudioVersion = 15.0.27428.2037
MinimumVisualStudioVersion = 10.0.40219.1
Project("{9A19103F-16F7-4668-BE54-9A1E7A4F7556}") = "DungeonsAndCodeWizards", "DungeonsAndCodeWizards.csproj", "{E25F5575-6226-43DA-AC15-9E0AEC518D3A}"
EndProject
Global
	GlobalSection(SolutionConfigurationPlatforms) = preSolution
		Debug|Any CPU = Debug|Any CPU
		Release|Any CPU = Release|Any CPU
	EndGlobalSection
	GlobalSection(ProjectConfigurationPlatforms) = postSolution
		{E25F5575-6226-43DA-AC15-9E0AEC518D3A}.Debug|Any CPU.ActiveCfg = Debug|Any CPU
		{E25F5575-6226-43DA-AC15-9E0AEC518D3A}.Debug|Any CPU.Build.0 = Debug|Any CPU
		{E25F5575-6226-43DA-AC15-9E0AEC518D3A}.Release|Any CPU.ActiveCfg = Release|Any CPU
		{E25F5575-6226-43DA-AC15-9E0AEC518D3A}.Release|Any CPU.Build.0 = Release|Any CPU
	EndGlobalSection
	GlobalSection(SolutionProperties) = preSolution
		HideSolutionNode = FALSE
	EndGlobalSection
	GlobalSection(ExtensibilityGlobals) = postSolution
		SolutionGuid = {E2371B6F-A769-44BF-B900-A6160ABD89F8}
	EndGlobalSection
EndGlobal
