
Microsoft Visual Studio Solution File, Format Version 12.00
# Visual Studio 15
VisualStudioVersion = 15.0.27130.2027
MinimumVisualStudioVersion = 10.0.40219.1
Project("{9A19103F-16F7-4668-BE54-9A1E7A4F7556}") = "01.Logger", "01.Logger\01.Logger.csproj", "{E9AEC269-A2EC-41AB-8CAF-B3E7569223A5}"
EndProject
Project("{FAE04EC0-301F-11D3-BF4B-00C04F79EFBC}") = "01.Event", "01.Event\01.Event.csproj", "{094F7423-C78A-487E-9144-20F881491FB2}"
EndProject
Project("{FAE04EC0-301F-11D3-BF4B-00C04F79EFBC}") = "02.KingsGambit", "02.KingsGambit\02.KingsGambit.csproj", "{C13AE397-EEB3-4D8F-AFA9-B9241F0189BD}"
EndProject
Project("{FAE04EC0-301F-11D3-BF4B-00C04F79EFBC}") = "03.DepInv", "03.DepInv\03.DepInv.csproj", "{BE8B9E91-EC65-4C4E-BCAC-B3695C7F1C63}"
EndProject
Project("{FAE04EC0-301F-11D3-BF4B-00C04F79EFBC}") = "04.WorkForce", "04.WorkForce\04.WorkForce.csproj", "{3C7350A0-56DB-4671-8117-CD262C1DBDC3}"
EndProject
Global
	GlobalSection(SolutionConfigurationPlatforms) = preSolution
		Debug|Any CPU = Debug|Any CPU
		Release|Any CPU = Release|Any CPU
	EndGlobalSection
	GlobalSection(ProjectConfigurationPlatforms) = postSolution
		{E9AEC269-A2EC-41AB-8CAF-B3E7569223A5}.Debug|Any CPU.ActiveCfg = Debug|Any CPU
		{E9AEC269-A2EC-41AB-8CAF-B3E7569223A5}.Debug|Any CPU.Build.0 = Debug|Any CPU
		{E9AEC269-A2EC-41AB-8CAF-B3E7569223A5}.Release|Any CPU.ActiveCfg = Release|Any CPU
		{E9AEC269-A2EC-41AB-8CAF-B3E7569223A5}.Release|Any CPU.Build.0 = Release|Any CPU
		{094F7423-C78A-487E-9144-20F881491FB2}.Debug|Any CPU.ActiveCfg = Debug|Any CPU
		{094F7423-C78A-487E-9144-20F881491FB2}.Debug|Any CPU.Build.0 = Debug|Any CPU
		{094F7423-C78A-487E-9144-20F881491FB2}.Release|Any CPU.ActiveCfg = Release|Any CPU
		{094F7423-C78A-487E-9144-20F881491FB2}.Release|Any CPU.Build.0 = Release|Any CPU
		{C13AE397-EEB3-4D8F-AFA9-B9241F0189BD}.Debug|Any CPU.ActiveCfg = Debug|Any CPU
		{C13AE397-EEB3-4D8F-AFA9-B9241F0189BD}.Debug|Any CPU.Build.0 = Debug|Any CPU
		{C13AE397-EEB3-4D8F-AFA9-B9241F0189BD}.Release|Any CPU.ActiveCfg = Release|Any CPU
		{C13AE397-EEB3-4D8F-AFA9-B9241F0189BD}.Release|Any CPU.Build.0 = Release|Any CPU
		{BE8B9E91-EC65-4C4E-BCAC-B3695C7F1C63}.Debug|Any CPU.ActiveCfg = Debug|Any CPU
		{BE8B9E91-EC65-4C4E-BCAC-B3695C7F1C63}.Debug|Any CPU.Build.0 = Debug|Any CPU
		{BE8B9E91-EC65-4C4E-BCAC-B3695C7F1C63}.Release|Any CPU.ActiveCfg = Release|Any CPU
		{BE8B9E91-EC65-4C4E-BCAC-B3695C7F1C63}.Release|Any CPU.Build.0 = Release|Any CPU
		{3C7350A0-56DB-4671-8117-CD262C1DBDC3}.Debug|Any CPU.ActiveCfg = Debug|Any CPU
		{3C7350A0-56DB-4671-8117-CD262C1DBDC3}.Debug|Any CPU.Build.0 = Debug|Any CPU
		{3C7350A0-56DB-4671-8117-CD262C1DBDC3}.Release|Any CPU.ActiveCfg = Release|Any CPU
		{3C7350A0-56DB-4671-8117-CD262C1DBDC3}.Release|Any CPU.Build.0 = Release|Any CPU
	EndGlobalSection
	GlobalSection(SolutionProperties) = preSolution
		HideSolutionNode = FALSE
	EndGlobalSection
	GlobalSection(ExtensibilityGlobals) = postSolution
		SolutionGuid = {A4C3240A-D777-4A59-9B1C-010FEAB97BE8}
	EndGlobalSection
EndGlobal
