
Microsoft Visual Studio Solution File, Format Version 12.00
# Visual Studio 15
VisualStudioVersion = 15.0.27004.2005
MinimumVisualStudioVersion = 10.0.40219.1
Project("{FAE04EC0-301F-11D3-BF4B-00C04F79EFBC}") = "01. Key Revolver", "01. Problem1\01. Key Revolver.csproj", "{ADE2E0C4-9F54-46E1-9293-930D6B9F3A4F}"
EndProject
Project("{FAE04EC0-301F-11D3-BF4B-00C04F79EFBC}") = "02. Sneaking", "02. Problem2\02. Sneaking.csproj", "{603A487E-F9FB-4DA5-86D6-FD99E1F2C689}"
EndProject
Project("{FAE04EC0-301F-11D3-BF4B-00C04F79EFBC}") = "03. Crypto Blockchain", "03. Problem3\03. Crypto Blockchain.csproj", "{C2175DDA-16A6-4B4C-9743-DCBE343F7367}"
EndProject
Project("{FAE04EC0-301F-11D3-BF4B-00C04F79EFBC}") = "04. Hit List", "04. Problem4\04. Hit List.csproj", "{7A0CC6AD-2718-4435-9AFC-73F6AE574A55}"
EndProject
Global
	GlobalSection(SolutionConfigurationPlatforms) = preSolution
		Debug|Any CPU = Debug|Any CPU
		Release|Any CPU = Release|Any CPU
	EndGlobalSection
	GlobalSection(ProjectConfigurationPlatforms) = postSolution
		{ADE2E0C4-9F54-46E1-9293-930D6B9F3A4F}.Debug|Any CPU.ActiveCfg = Debug|Any CPU
		{ADE2E0C4-9F54-46E1-9293-930D6B9F3A4F}.Debug|Any CPU.Build.0 = Debug|Any CPU
		{ADE2E0C4-9F54-46E1-9293-930D6B9F3A4F}.Release|Any CPU.ActiveCfg = Release|Any CPU
		{ADE2E0C4-9F54-46E1-9293-930D6B9F3A4F}.Release|Any CPU.Build.0 = Release|Any CPU
		{603A487E-F9FB-4DA5-86D6-FD99E1F2C689}.Debug|Any CPU.ActiveCfg = Debug|Any CPU
		{603A487E-F9FB-4DA5-86D6-FD99E1F2C689}.Debug|Any CPU.Build.0 = Debug|Any CPU
		{603A487E-F9FB-4DA5-86D6-FD99E1F2C689}.Release|Any CPU.ActiveCfg = Release|Any CPU
		{603A487E-F9FB-4DA5-86D6-FD99E1F2C689}.Release|Any CPU.Build.0 = Release|Any CPU
		{C2175DDA-16A6-4B4C-9743-DCBE343F7367}.Debug|Any CPU.ActiveCfg = Debug|Any CPU
		{C2175DDA-16A6-4B4C-9743-DCBE343F7367}.Debug|Any CPU.Build.0 = Debug|Any CPU
		{C2175DDA-16A6-4B4C-9743-DCBE343F7367}.Release|Any CPU.ActiveCfg = Release|Any CPU
		{C2175DDA-16A6-4B4C-9743-DCBE343F7367}.Release|Any CPU.Build.0 = Release|Any CPU
		{7A0CC6AD-2718-4435-9AFC-73F6AE574A55}.Debug|Any CPU.ActiveCfg = Debug|Any CPU
		{7A0CC6AD-2718-4435-9AFC-73F6AE574A55}.Debug|Any CPU.Build.0 = Debug|Any CPU
		{7A0CC6AD-2718-4435-9AFC-73F6AE574A55}.Release|Any CPU.ActiveCfg = Release|Any CPU
		{7A0CC6AD-2718-4435-9AFC-73F6AE574A55}.Release|Any CPU.Build.0 = Release|Any CPU
	EndGlobalSection
	GlobalSection(SolutionProperties) = preSolution
		HideSolutionNode = FALSE
	EndGlobalSection
	GlobalSection(ExtensibilityGlobals) = postSolution
		SolutionGuid = {F3BB42CF-3FE8-4681-9078-24226A01A127}
	EndGlobalSection
EndGlobal
